
Microsoft Visual Studio Solution File, Format Version 12.00
# Visual Studio Version 16
VisualStudioVersion = 16.0.29418.71
MinimumVisualStudioVersion = 10.0.40219.1
Project("{FAE04EC0-301F-11D3-BF4B-00C04F79EFBC}") = "S3UploadMultipart", "S3UploadMultipart\S3UploadMultipart.csproj", "{4093813C-D630-4BFB-9666-46B51327F846}"
EndProject
Global
	GlobalSection(SolutionConfigurationPlatforms) = preSolution
		Debug|Any CPU = Debug|Any CPU
		Release|Any CPU = Release|Any CPU
	EndGlobalSection
	GlobalSection(ProjectConfigurationPlatforms) = postSolution
		{4093813C-D630-4BFB-9666-46B51327F846}.Debug|Any CPU.ActiveCfg = Debug|Any CPU
		{4093813C-D630-4BFB-9666-46B51327F846}.Debug|Any CPU.Build.0 = Debug|Any CPU
		{4093813C-D630-4BFB-9666-46B51327F846}.Release|Any CPU.ActiveCfg = Release|Any CPU
		{4093813C-D630-4BFB-9666-46B51327F846}.Release|Any CPU.Build.0 = Release|Any CPU
	EndGlobalSection
	GlobalSection(SolutionProperties) = preSolution
		HideSolutionNode = FALSE
	EndGlobalSection
	GlobalSection(ExtensibilityGlobals) = postSolution
		SolutionGuid = {9E3BFED2-C513-4936-BBB9-CB9C8D76A92A}
	EndGlobalSection
EndGlobal
